
Microsoft Visual Studio Solution File, Format Version 12.00
# Visual Studio Version 16
VisualStudioVersion = 16.0.29123.88
MinimumVisualStudioVersion = 10.0.40219.1
Project("{9A19103F-16F7-4668-BE54-9A1E7A4F7556}") = "VanillaTransformer.Core", "VanillaTransformer.Core\VanillaTransformer.Core.csproj", "{0BECE7F3-2969-4701-8F4C-2F7D3C12C0A9}"
EndProject
Project("{9A19103F-16F7-4668-BE54-9A1E7A4F7556}") = "VanillaTransformer.Tests", "VanillaTransformer.Tests\VanillaTransformer.Tests.csproj", "{8DCD5B1C-2975-44A8-89BB-A47867CE2A92}"
EndProject
Project("{9A19103F-16F7-4668-BE54-9A1E7A4F7556}") = "VanillaTransformer", "VanillaTransformer\VanillaTransformer.csproj", "{93ABCED2-A424-45F6-AE44-3748BB1515F2}"
EndProject
Project("{9A19103F-16F7-4668-BE54-9A1E7A4F7556}") = "VanillaTransformer.Console", "VanillaTransformer.Console\VanillaTransformer.Console.csproj", "{F3CB9788-E9AA-4989-A25E-0A07F37500FD}"
EndProject
Global
	GlobalSection(SolutionConfigurationPlatforms) = preSolution
		Debug|Any CPU = Debug|Any CPU
		Release|Any CPU = Release|Any CPU
	EndGlobalSection
	GlobalSection(ProjectConfigurationPlatforms) = postSolution
		{0BECE7F3-2969-4701-8F4C-2F7D3C12C0A9}.Debug|Any CPU.ActiveCfg = Debug|Any CPU
		{0BECE7F3-2969-4701-8F4C-2F7D3C12C0A9}.Debug|Any CPU.Build.0 = Debug|Any CPU
		{0BECE7F3-2969-4701-8F4C-2F7D3C12C0A9}.Release|Any CPU.ActiveCfg = Release|Any CPU
		{0BECE7F3-2969-4701-8F4C-2F7D3C12C0A9}.Release|Any CPU.Build.0 = Release|Any CPU
		{8DCD5B1C-2975-44A8-89BB-A47867CE2A92}.Debug|Any CPU.ActiveCfg = Debug|Any CPU
		{8DCD5B1C-2975-44A8-89BB-A47867CE2A92}.Debug|Any CPU.Build.0 = Debug|Any CPU
		{8DCD5B1C-2975-44A8-89BB-A47867CE2A92}.Release|Any CPU.ActiveCfg = Release|Any CPU
		{8DCD5B1C-2975-44A8-89BB-A47867CE2A92}.Release|Any CPU.Build.0 = Release|Any CPU
		{93ABCED2-A424-45F6-AE44-3748BB1515F2}.Debug|Any CPU.ActiveCfg = Debug|Any CPU
		{93ABCED2-A424-45F6-AE44-3748BB1515F2}.Debug|Any CPU.Build.0 = Debug|Any CPU
		{93ABCED2-A424-45F6-AE44-3748BB1515F2}.Release|Any CPU.ActiveCfg = Release|Any CPU
		{93ABCED2-A424-45F6-AE44-3748BB1515F2}.Release|Any CPU.Build.0 = Release|Any CPU
		{F3CB9788-E9AA-4989-A25E-0A07F37500FD}.Debug|Any CPU.ActiveCfg = Debug|Any CPU
		{F3CB9788-E9AA-4989-A25E-0A07F37500FD}.Debug|Any CPU.Build.0 = Debug|Any CPU
		{F3CB9788-E9AA-4989-A25E-0A07F37500FD}.Release|Any CPU.ActiveCfg = Release|Any CPU
		{F3CB9788-E9AA-4989-A25E-0A07F37500FD}.Release|Any CPU.Build.0 = Release|Any CPU
	EndGlobalSection
	GlobalSection(SolutionProperties) = preSolution
		HideSolutionNode = FALSE
	EndGlobalSection
	GlobalSection(ExtensibilityGlobals) = postSolution
		SolutionGuid = {B9741619-2D92-47C4-8D6E-B3E6F6EB5EA3}
	EndGlobalSection
EndGlobal
